{
  "nodes": {
    "nixpkgs": {
      "locked": {
        "lastModified": 1711129923,
        "narHash": "sha256-XVzTED9GPlOcgMY5DkNv5wFdV1I3sso179SXCTJZKKw=",
        "owner": "NixOS",
        "repo": "nixpkgs",
        "rev": "e9d8c83c5aacde1680fb7ae987ffac6dda97f8bf",
        "type": "github"
      },
      "original": {
        "owner": "NixOS",
        "ref": "nixpkgs-23.11-darwin",
        "repo": "nixpkgs",
        "type": "github"
      }
    },
    "root": {
      "inputs": {
        "nixpkgs": "nixpkgs"
      }
    }
  },
  "root": "root",
  "version": 7
}
